// !$*UTF8*$!
{
	archiveVersion = 1;
	classes = {
	};
	objectVersion = 46;
	objects = {

/* Begin PBXBuildFile section */
		0C18C7731D3B7B57008061C6 /* Constants.swift in Sources */ = {isa = PBXBuildFile; fileRef = 0C18C7721D3B7B57008061C6 /* Constants.swift */; };
		0C18C7751D3B7C46008061C6 /* MusicVideo.swift in Sources */ = {isa = PBXBuildFile; fileRef = 0C18C7741D3B7C46008061C6 /* MusicVideo.swift */; };
		0C18C77A1D3BA747008061C6 /* Reachability.m in Sources */ = {isa = PBXBuildFile; fileRef = 0C18C7791D3BA747008061C6 /* Reachability.m */; };
		0C405B381D39D9AC00C16F51 /* APIManager.swift in Sources */ = {isa = PBXBuildFile; fileRef = 0C405B371D39D9AC00C16F51 /* APIManager.swift */; };
		0C5265381D489ECC0037EACA /* SettingsTableViewController.swift in Sources */ = {isa = PBXBuildFile; fileRef = 0C5265371D489ECC0037EACA /* SettingsTableViewController.swift */; };
		0C7A4D991D41E3AB00686781 /* DetailTableViewController.swift in Sources */ = {isa = PBXBuildFile; fileRef = 0C7A4D981D41E3AB00686781 /* DetailTableViewController.swift */; };
		0C7BFA961D3D4C8900A7E6E5 /* MusicVideoPlayerTableViewCell.swift in Sources */ = {isa = PBXBuildFile; fileRef = 0C7BFA951D3D4C8900A7E6E5 /* MusicVideoPlayerTableViewCell.swift */; };
		0CCC46D11D3740D8009633F4 /* AppDelegate.swift in Sources */ = {isa = PBXBuildFile; fileRef = 0CCC46D01D3740D8009633F4 /* AppDelegate.swift */; };
		0CCC46D31D3740D8009633F4 /* ViewController.swift in Sources */ = {isa = PBXBuildFile; fileRef = 0CCC46D21D3740D8009633F4 /* ViewController.swift */; };
		0CCC46D61D3740D8009633F4 /* Main.storyboard in Resources */ = {isa = PBXBuildFile; fileRef = 0CCC46D41D3740D8009633F4 /* Main.storyboard */; };
		0CCC46D81D3740D8009633F4 /* Assets.xcassets in Resources */ = {isa = PBXBuildFile; fileRef = 0CCC46D71D3740D8009633F4 /* Assets.xcassets */; };
		0CCC46DB1D3740D8009633F4 /* LaunchScreen.storyboard in Resources */ = {isa = PBXBuildFile; fileRef = 0CCC46D91D3740D8009633F4 /* LaunchScreen.storyboard */; };
		0CCC46E61D3740D8009633F4 /* MusicVideoPlayerTests.swift in Sources */ = {isa = PBXBuildFile; fileRef = 0CCC46E51D3740D8009633F4 /* MusicVideoPlayerTests.swift */; };
		0CCC46F11D3740D8009633F4 /* MusicVideoPlayerUITests.swift in Sources */ = {isa = PBXBuildFile; fileRef = 0CCC46F01D3740D8009633F4 /* MusicVideoPlayerUITests.swift */; };
		0CE613E41D3CBECD00536815 /* MusicPlayerTVC.swift in Sources */ = {isa = PBXBuildFile; fileRef = 0CE613E31D3CBECD00536815 /* MusicPlayerTVC.swift */; };
		519563E8FE51A0987C9302E2 /* Pods_MusicVideoPlayerTests.framework in Frameworks */ = {isa = PBXBuildFile; fileRef = 1560112CD904221DA0300E10 /* Pods_MusicVideoPlayerTests.framework */; };
		5F89084D68A500D7BE4024B9 /* Pods_MusicVideoPlayerUITests.framework in Frameworks */ = {isa = PBXBuildFile; fileRef = 7D3BB30AD7C9DE37E81DC748 /* Pods_MusicVideoPlayerUITests.framework */; };
		CC43704CDF1B4319799D7D9D /* Pods_MusicVideoPlayer.framework in Frameworks */ = {isa = PBXBuildFile; fileRef = C27336BAB8FD701A45BFB92A /* Pods_MusicVideoPlayer.framework */; };
		D58635831EA86CDC007D4FCE /* logo_sangeet.png in Resources */ = {isa = PBXBuildFile; fileRef = D58635821EA86CDC007D4FCE /* logo_sangeet.png */; };
		D58635851EA8CC31007D4FCE /* GoogleService-Info.plist in Resources */ = {isa = PBXBuildFile; fileRef = D58635841EA8CC2F007D4FCE /* GoogleService-Info.plist */; };
		D58635871EA8D419007D4FCE /* LoginControllerViewController.swift in Sources */ = {isa = PBXBuildFile; fileRef = D58635861EA8D419007D4FCE /* LoginControllerViewController.swift */; };
		D58635891EA8D428007D4FCE /* RegistrationViewController.swift in Sources */ = {isa = PBXBuildFile; fileRef = D58635881EA8D428007D4FCE /* RegistrationViewController.swift */; };
/* End PBXBuildFile section */

/* Begin PBXContainerItemProxy section */
		0CCC46E21D3740D8009633F4 /* PBXContainerItemProxy */ = {
			isa = PBXContainerItemProxy;
			containerPortal = 0CCC46C51D3740D8009633F4 /* Project object */;
			proxyType = 1;
			remoteGlobalIDString = 0CCC46CC1D3740D8009633F4;
			remoteInfo = MusicVideoPlayer;
		};
		0CCC46ED1D3740D8009633F4 /* PBXContainerItemProxy */ = {
			isa = PBXContainerItemProxy;
			containerPortal = 0CCC46C51D3740D8009633F4 /* Project object */;
			proxyType = 1;
			remoteGlobalIDString = 0CCC46CC1D3740D8009633F4;
			remoteInfo = MusicVideoPlayer;
		};
/* End PBXContainerItemProxy section */

/* Begin PBXFileReference section */
		0C18C7721D3B7B57008061C6 /* Constants.swift */ = {isa = PBXFileReference; fileEncoding = 4; lastKnownFileType = sourcecode.swift; path = Constants.swift; sourceTree = "<group>"; };
		0C18C7741D3B7C46008061C6 /* MusicVideo.swift */ = {isa = PBXFileReference; fileEncoding = 4; lastKnownFileType = sourcecode.swift; path = MusicVideo.swift; sourceTree = "<group>"; };
		0C18C7771D3BA747008061C6 /* MusicVideoPlayer-Bridging-Header.h */ = {isa = PBXFileReference; lastKnownFileType = sourcecode.c.h; path = "MusicVideoPlayer-Bridging-Header.h"; sourceTree = "<group>"; };
		0C18C7781D3BA747008061C6 /* Reachability.h */ = {isa = PBXFileReference; fileEncoding = 4; lastKnownFileType = sourcecode.c.h; path = Reachability.h; sourceTree = "<group>"; };
		0C18C7791D3BA747008061C6 /* Reachability.m */ = {isa = PBXFileReference; fileEncoding = 4; lastKnownFileType = sourcecode.c.objc; path = Reachability.m; sourceTree = "<group>"; };
		0C405B371D39D9AC00C16F51 /* APIManager.swift */ = {isa = PBXFileReference; fileEncoding = 4; lastKnownFileType = sourcecode.swift; name = APIManager.swift; path = ../APIManager.swift; sourceTree = "<group>"; };
		0C5265371D489ECC0037EACA /* SettingsTableViewController.swift */ = {isa = PBXFileReference; fileEncoding = 4; lastKnownFileType = sourcecode.swift; path = SettingsTableViewController.swift; sourceTree = "<group>"; };
		0C7A4D981D41E3AB00686781 /* DetailTableViewController.swift */ = {isa = PBXFileReference; fileEncoding = 4; lastKnownFileType = sourcecode.swift; path = DetailTableViewController.swift; sourceTree = "<group>"; };
		0C7BFA951D3D4C8900A7E6E5 /* MusicVideoPlayerTableViewCell.swift */ = {isa = PBXFileReference; fileEncoding = 4; lastKnownFileType = sourcecode.swift; path = MusicVideoPlayerTableViewCell.swift; sourceTree = "<group>"; };
		0CCC46CD1D3740D8009633F4 /* MusicVideoPlayer.app */ = {isa = PBXFileReference; explicitFileType = wrapper.application; includeInIndex = 0; path = MusicVideoPlayer.app; sourceTree = BUILT_PRODUCTS_DIR; };
		0CCC46D01D3740D8009633F4 /* AppDelegate.swift */ = {isa = PBXFileReference; lastKnownFileType = sourcecode.swift; path = AppDelegate.swift; sourceTree = "<group>"; };
		0CCC46D21D3740D8009633F4 /* ViewController.swift */ = {isa = PBXFileReference; lastKnownFileType = sourcecode.swift; path = ViewController.swift; sourceTree = "<group>"; };
		0CCC46D51D3740D8009633F4 /* Base */ = {isa = PBXFileReference; lastKnownFileType = file.storyboard; name = Base; path = Base.lproj/Main.storyboard; sourceTree = "<group>"; };
		0CCC46D71D3740D8009633F4 /* Assets.xcassets */ = {isa = PBXFileReference; lastKnownFileType = folder.assetcatalog; path = Assets.xcassets; sourceTree = "<group>"; };
		0CCC46DA1D3740D8009633F4 /* Base */ = {isa = PBXFileReference; lastKnownFileType = file.storyboard; name = Base; path = Base.lproj/LaunchScreen.storyboard; sourceTree = "<group>"; };
		0CCC46DC1D3740D8009633F4 /* Info.plist */ = {isa = PBXFileReference; lastKnownFileType = text.plist.xml; path = Info.plist; sourceTree = "<group>"; };
		0CCC46E11D3740D8009633F4 /* MusicVideoPlayerTests.xctest */ = {isa = PBXFileReference; explicitFileType = wrapper.cfbundle; includeInIndex = 0; path = MusicVideoPlayerTests.xctest; sourceTree = BUILT_PRODUCTS_DIR; };
		0CCC46E51D3740D8009633F4 /* MusicVideoPlayerTests.swift */ = {isa = PBXFileReference; lastKnownFileType = sourcecode.swift; path = MusicVideoPlayerTests.swift; sourceTree = "<group>"; };
		0CCC46E71D3740D8009633F4 /* Info.plist */ = {isa = PBXFileReference; lastKnownFileType = text.plist.xml; path = Info.plist; sourceTree = "<group>"; };
		0CCC46EC1D3740D8009633F4 /* MusicVideoPlayerUITests.xctest */ = {isa = PBXFileReference; explicitFileType = wrapper.cfbundle; includeInIndex = 0; path = MusicVideoPlayerUITests.xctest; sourceTree = BUILT_PRODUCTS_DIR; };
		0CCC46F01D3740D8009633F4 /* MusicVideoPlayerUITests.swift */ = {isa = PBXFileReference; lastKnownFileType = sourcecode.swift; path = MusicVideoPlayerUITests.swift; sourceTree = "<group>"; };
		0CCC46F21D3740D8009633F4 /* Info.plist */ = {isa = PBXFileReference; lastKnownFileType = text.plist.xml; path = Info.plist; sourceTree = "<group>"; };
		0CE613E31D3CBECD00536815 /* MusicPlayerTVC.swift */ = {isa = PBXFileReference; fileEncoding = 4; lastKnownFileType = sourcecode.swift; path = MusicPlayerTVC.swift; sourceTree = "<group>"; };
		13880AE21B9E9570921FF9C1 /* Pods-MusicVideoPlayerUITests.release.xcconfig */ = {isa = PBXFileReference; includeInIndex = 1; lastKnownFileType = text.xcconfig; name = "Pods-MusicVideoPlayerUITests.release.xcconfig"; path = "Pods/Target Support Files/Pods-MusicVideoPlayerUITests/Pods-MusicVideoPlayerUITests.release.xcconfig"; sourceTree = "<group>"; };
		1560112CD904221DA0300E10 /* Pods_MusicVideoPlayerTests.framework */ = {isa = PBXFileReference; explicitFileType = wrapper.framework; includeInIndex = 0; path = Pods_MusicVideoPlayerTests.framework; sourceTree = BUILT_PRODUCTS_DIR; };
		66AE8C670C061ADB18944CD2 /* Pods-MusicVideoPlayerTests.debug.xcconfig */ = {isa = PBXFileReference; includeInIndex = 1; lastKnownFileType = text.xcconfig; name = "Pods-MusicVideoPlayerTests.debug.xcconfig"; path = "Pods/Target Support Files/Pods-MusicVideoPlayerTests/Pods-MusicVideoPlayerTests.debug.xcconfig"; sourceTree = "<group>"; };
		7D3BB30AD7C9DE37E81DC748 /* Pods_MusicVideoPlayerUITests.framework */ = {isa = PBXFileReference; explicitFileType = wrapper.framework; includeInIndex = 0; path = Pods_MusicVideoPlayerUITests.framework; sourceTree = BUILT_PRODUCTS_DIR; };
		8154D4CC4BD381ECA11DE5AD /* Pods-MusicVideoPlayerTests.release.xcconfig */ = {isa = PBXFileReference; includeInIndex = 1; lastKnownFileType = text.xcconfig; name = "Pods-MusicVideoPlayerTests.release.xcconfig"; path = "Pods/Target Support Files/Pods-MusicVideoPlayerTests/Pods-MusicVideoPlayerTests.release.xcconfig"; sourceTree = "<group>"; };
		8DC88BA8CA5A4D91FA6A85C9 /* Pods-MusicVideoPlayer.release.xcconfig */ = {isa = PBXFileReference; includeInIndex = 1; lastKnownFileType = text.xcconfig; name = "Pods-MusicVideoPlayer.release.xcconfig"; path = "Pods/Target Support Files/Pods-MusicVideoPlayer/Pods-MusicVideoPlayer.release.xcconfig"; sourceTree = "<group>"; };
		C238F0E21FB86396C6F9FFC0 /* Pods-MusicVideoPlayer.debug.xcconfig */ = {isa = PBXFileReference; includeInIndex = 1; lastKnownFileType = text.xcconfig; name = "Pods-MusicVideoPlayer.debug.xcconfig"; path = "Pods/Target Support Files/Pods-MusicVideoPlayer/Pods-MusicVideoPlayer.debug.xcconfig"; sourceTree = "<group>"; };
		C27336BAB8FD701A45BFB92A /* Pods_MusicVideoPlayer.framework */ = {isa = PBXFileReference; explicitFileType = wrapper.framework; includeInIndex = 0; path = Pods_MusicVideoPlayer.framework; sourceTree = BUILT_PRODUCTS_DIR; };
		D58635821EA86CDC007D4FCE /* logo_sangeet.png */ = {isa = PBXFileReference; lastKnownFileType = image.png; path = logo_sangeet.png; sourceTree = "<group>"; };
		D58635841EA8CC2F007D4FCE /* GoogleService-Info.plist */ = {isa = PBXFileReference; fileEncoding = 4; lastKnownFileType = text.plist.xml; path = "GoogleService-Info.plist"; sourceTree = "<group>"; };
		D58635861EA8D419007D4FCE /* LoginControllerViewController.swift */ = {isa = PBXFileReference; fileEncoding = 4; lastKnownFileType = sourcecode.swift; path = LoginControllerViewController.swift; sourceTree = "<group>"; };
		D58635881EA8D428007D4FCE /* RegistrationViewController.swift */ = {isa = PBXFileReference; fileEncoding = 4; lastKnownFileType = sourcecode.swift; path = RegistrationViewController.swift; sourceTree = "<group>"; };
		E96A13508E8DBC1016878924 /* Pods-MusicVideoPlayerUITests.debug.xcconfig */ = {isa = PBXFileReference; includeInIndex = 1; lastKnownFileType = text.xcconfig; name = "Pods-MusicVideoPlayerUITests.debug.xcconfig"; path = "Pods/Target Support Files/Pods-MusicVideoPlayerUITests/Pods-MusicVideoPlayerUITests.debug.xcconfig"; sourceTree = "<group>"; };
/* End PBXFileReference section */

/* Begin PBXFrameworksBuildPhase section */
		0CCC46CA1D3740D8009633F4 /* Frameworks */ = {
			isa = PBXFrameworksBuildPhase;
			buildActionMask = 2147483647;
			files = (
				CC43704CDF1B4319799D7D9D /* Pods_MusicVideoPlayer.framework in Frameworks */,
			);
			runOnlyForDeploymentPostprocessing = 0;
		};
		0CCC46DE1D3740D8009633F4 /* Frameworks */ = {
			isa = PBXFrameworksBuildPhase;
			buildActionMask = 2147483647;
			files = (
				519563E8FE51A0987C9302E2 /* Pods_MusicVideoPlayerTests.framework in Frameworks */,
			);
			runOnlyForDeploymentPostprocessing = 0;
		};
		0CCC46E91D3740D8009633F4 /* Frameworks */ = {
			isa = PBXFrameworksBuildPhase;
			buildActionMask = 2147483647;
			files = (
				5F89084D68A500D7BE4024B9 /* Pods_MusicVideoPlayerUITests.framework in Frameworks */,
			);
			runOnlyForDeploymentPostprocessing = 0;
		};
/* End PBXFrameworksBuildPhase section */

/* Begin PBXGroup section */
		0C18C7711D3B7B45008061C6 /* Utils */ = {
			isa = PBXGroup;
			children = (
				0C18C7721D3B7B57008061C6 /* Constants.swift */,
			);
			name = Utils;
			sourceTree = "<group>";
		};
		0C18C7761D3BA6EA008061C6 /* Objective - C */ = {
			isa = PBXGroup;
			children = (
				0C18C7781D3BA747008061C6 /* Reachability.h */,
				0C18C7791D3BA747008061C6 /* Reachability.m */,
				0C18C7771D3BA747008061C6 /* MusicVideoPlayer-Bridging-Header.h */,
			);
			name = "Objective - C";
			sourceTree = "<group>";
		};
		0C4738931D393DA60016904D /* Controller */ = {
			isa = PBXGroup;
			children = (
				0CCC46D21D3740D8009633F4 /* ViewController.swift */,
				0CE613E31D3CBECD00536815 /* MusicPlayerTVC.swift */,
				0C7BFA951D3D4C8900A7E6E5 /* MusicVideoPlayerTableViewCell.swift */,
				0C7A4D981D41E3AB00686781 /* DetailTableViewController.swift */,
				0C5265371D489ECC0037EACA /* SettingsTableViewController.swift */,
				D58635861EA8D419007D4FCE /* LoginControllerViewController.swift */,
				D58635881EA8D428007D4FCE /* RegistrationViewController.swift */,
			);
			name = Controller;
			sourceTree = "<group>";
		};
		0C4738941D393DD10016904D /* View */ = {
			isa = PBXGroup;
			children = (
				0CCC46D41D3740D8009633F4 /* Main.storyboard */,
				0CCC46D91D3740D8009633F4 /* LaunchScreen.storyboard */,
			);
			name = View;
			sourceTree = "<group>";
		};
		0C4738951D393E390016904D /* Supporting Files */ = {
			isa = PBXGroup;
			children = (
				D58635821EA86CDC007D4FCE /* logo_sangeet.png */,
				0CCC46D01D3740D8009633F4 /* AppDelegate.swift */,
				0CCC46D71D3740D8009633F4 /* Assets.xcassets */,
				0CCC46DC1D3740D8009633F4 /* Info.plist */,
			);
			name = "Supporting Files";
			path = MusicVideoPlayer;
			sourceTree = "<group>";
		};
		0C4738961D393E4A0016904D /* Model */ = {
			isa = PBXGroup;
			children = (
				0C405B371D39D9AC00C16F51 /* APIManager.swift */,
				0C18C7741D3B7C46008061C6 /* MusicVideo.swift */,
			);
			name = Model;
			sourceTree = "<group>";
		};
		0CCC46C41D3740D8009633F4 = {
			isa = PBXGroup;
			children = (
				D58635841EA8CC2F007D4FCE /* GoogleService-Info.plist */,
				0CCC46CF1D3740D8009633F4 /* MusicVideoPlayer */,
				0CCC46E41D3740D8009633F4 /* MusicVideoPlayerTests */,
				0CCC46EF1D3740D8009633F4 /* MusicVideoPlayerUITests */,
				0CCC46CE1D3740D8009633F4 /* Products */,
				0C4738951D393E390016904D /* Supporting Files */,
				51163EDB886993B9FAC3A47C /* Pods */,
				2ECB1060747F93DA6182B6FE /* Frameworks */,
			);
			sourceTree = "<group>";
		};
		0CCC46CE1D3740D8009633F4 /* Products */ = {
			isa = PBXGroup;
			children = (
				0CCC46CD1D3740D8009633F4 /* MusicVideoPlayer.app */,
				0CCC46E11D3740D8009633F4 /* MusicVideoPlayerTests.xctest */,
				0CCC46EC1D3740D8009633F4 /* MusicVideoPlayerUITests.xctest */,
			);
			name = Products;
			sourceTree = "<group>";
		};
		0CCC46CF1D3740D8009633F4 /* MusicVideoPlayer */ = {
			isa = PBXGroup;
			children = (
				0C18C7761D3BA6EA008061C6 /* Objective - C */,
				0C18C7711D3B7B45008061C6 /* Utils */,
				0C4738961D393E4A0016904D /* Model */,
				0C4738941D393DD10016904D /* View */,
				0C4738931D393DA60016904D /* Controller */,
			);
			path = MusicVideoPlayer;
			sourceTree = "<group>";
		};
		0CCC46E41D3740D8009633F4 /* MusicVideoPlayerTests */ = {
			isa = PBXGroup;
			children = (
				0CCC46E51D3740D8009633F4 /* MusicVideoPlayerTests.swift */,
				0CCC46E71D3740D8009633F4 /* Info.plist */,
			);
			path = MusicVideoPlayerTests;
			sourceTree = "<group>";
		};
		0CCC46EF1D3740D8009633F4 /* MusicVideoPlayerUITests */ = {
			isa = PBXGroup;
			children = (
				0CCC46F01D3740D8009633F4 /* MusicVideoPlayerUITests.swift */,
				0CCC46F21D3740D8009633F4 /* Info.plist */,
			);
			path = MusicVideoPlayerUITests;
			sourceTree = "<group>";
		};
		2ECB1060747F93DA6182B6FE /* Frameworks */ = {
			isa = PBXGroup;
			children = (
				C27336BAB8FD701A45BFB92A /* Pods_MusicVideoPlayer.framework */,
				1560112CD904221DA0300E10 /* Pods_MusicVideoPlayerTests.framework */,
				7D3BB30AD7C9DE37E81DC748 /* Pods_MusicVideoPlayerUITests.framework */,
			);
			name = Frameworks;
			sourceTree = "<group>";
		};
		51163EDB886993B9FAC3A47C /* Pods */ = {
			isa = PBXGroup;
			children = (
				C238F0E21FB86396C6F9FFC0 /* Pods-MusicVideoPlayer.debug.xcconfig */,
				8DC88BA8CA5A4D91FA6A85C9 /* Pods-MusicVideoPlayer.release.xcconfig */,
				66AE8C670C061ADB18944CD2 /* Pods-MusicVideoPlayerTests.debug.xcconfig */,
				8154D4CC4BD381ECA11DE5AD /* Pods-MusicVideoPlayerTests.release.xcconfig */,
				E96A13508E8DBC1016878924 /* Pods-MusicVideoPlayerUITests.debug.xcconfig */,
				13880AE21B9E9570921FF9C1 /* Pods-MusicVideoPlayerUITests.release.xcconfig */,
			);
			name = Pods;
			sourceTree = "<group>";
		};
/* End PBXGroup section */

/* Begin PBXNativeTarget section */
		0CCC46CC1D3740D8009633F4 /* MusicVideoPlayer */ = {
			isa = PBXNativeTarget;
			buildConfigurationList = 0CCC46F51D3740D8009633F4 /* Build configuration list for PBXNativeTarget "MusicVideoPlayer" */;
			buildPhases = (
				20F242CDB0A9691F579E5430 /* [CP] Check Pods Manifest.lock */,
				0CCC46C91D3740D8009633F4 /* Sources */,
				0CCC46CA1D3740D8009633F4 /* Frameworks */,
				0CCC46CB1D3740D8009633F4 /* Resources */,
				9A8633B9F4B1D25215405E69 /* [CP] Embed Pods Frameworks */,
				0373F51D563558E2B2B6D0FE /* [CP] Copy Pods Resources */,
			);
			buildRules = (
			);
			dependencies = (
			);
			name = MusicVideoPlayer;
			productName = MusicVideoPlayer;
			productReference = 0CCC46CD1D3740D8009633F4 /* MusicVideoPlayer.app */;
			productType = "com.apple.product-type.application";
		};
		0CCC46E01D3740D8009633F4 /* MusicVideoPlayerTests */ = {
			isa = PBXNativeTarget;
			buildConfigurationList = 0CCC46F81D3740D8009633F4 /* Build configuration list for PBXNativeTarget "MusicVideoPlayerTests" */;
			buildPhases = (
				3BAA052D9F8FACC046FA0262 /* [CP] Check Pods Manifest.lock */,
				0CCC46DD1D3740D8009633F4 /* Sources */,
				0CCC46DE1D3740D8009633F4 /* Frameworks */,
				0CCC46DF1D3740D8009633F4 /* Resources */,
				896CF9D56C2594E58B909D51 /* [CP] Embed Pods Frameworks */,
				F709D498BC4C811539AE3879 /* [CP] Copy Pods Resources */,
			);
			buildRules = (
			);
			dependencies = (
				0CCC46E31D3740D8009633F4 /* PBXTargetDependency */,
			);
			name = MusicVideoPlayerTests;
			productName = MusicVideoPlayerTests;
			productReference = 0CCC46E11D3740D8009633F4 /* MusicVideoPlayerTests.xctest */;
			productType = "com.apple.product-type.bundle.unit-test";
		};
		0CCC46EB1D3740D8009633F4 /* MusicVideoPlayerUITests */ = {
			isa = PBXNativeTarget;
			buildConfigurationList = 0CCC46FB1D3740D8009633F4 /* Build configuration list for PBXNativeTarget "MusicVideoPlayerUITests" */;
			buildPhases = (
				E590B9B8FD2A919E7EDBC256 /* [CP] Check Pods Manifest.lock */,
				0CCC46E81D3740D8009633F4 /* Sources */,
				0CCC46E91D3740D8009633F4 /* Frameworks */,
				0CCC46EA1D3740D8009633F4 /* Resources */,
				21F9C49D276876C00B6690DB /* [CP] Embed Pods Frameworks */,
				A0118624B1B2F2E5E7DE2508 /* [CP] Copy Pods Resources */,
			);
			buildRules = (
			);
			dependencies = (
				0CCC46EE1D3740D8009633F4 /* PBXTargetDependency */,
			);
			name = MusicVideoPlayerUITests;
			productName = MusicVideoPlayerUITests;
			productReference = 0CCC46EC1D3740D8009633F4 /* MusicVideoPlayerUITests.xctest */;
			productType = "com.apple.product-type.bundle.ui-testing";
		};
/* End PBXNativeTarget section */

/* Begin PBXProject section */
		0CCC46C51D3740D8009633F4 /* Project object */ = {
			isa = PBXProject;
			attributes = {
				LastSwiftUpdateCheck = 0700;
				LastUpgradeCheck = 0700;
				ORGANIZATIONNAME = "Kunal Pachauri";
				TargetAttributes = {
					0CCC46CC1D3740D8009633F4 = {
						CreatedOnToolsVersion = 7.0;
						DevelopmentTeam = 2CWK37XQ6T;
						LastSwiftMigration = 0830;
					};
					0CCC46E01D3740D8009633F4 = {
						CreatedOnToolsVersion = 7.0;
						DevelopmentTeam = 2CWK37XQ6T;
						LastSwiftMigration = 0830;
						TestTargetID = 0CCC46CC1D3740D8009633F4;
					};
					0CCC46EB1D3740D8009633F4 = {
						CreatedOnToolsVersion = 7.0;
						DevelopmentTeam = 2CWK37XQ6T;
						LastSwiftMigration = 0830;
						TestTargetID = 0CCC46CC1D3740D8009633F4;
					};
				};
			};
			buildConfigurationList = 0CCC46C81D3740D8009633F4 /* Build configuration list for PBXProject "MusicVideoPlayer" */;
			compatibilityVersion = "Xcode 3.2";
			developmentRegion = English;
			hasScannedForEncodings = 0;
			knownRegions = (
				en,
				Base,
			);
			mainGroup = 0CCC46C41D3740D8009633F4;
			productRefGroup = 0CCC46CE1D3740D8009633F4 /* Products */;
			projectDirPath = "";
			projectRoot = "";
			targets = (
				0CCC46CC1D3740D8009633F4 /* MusicVideoPlayer */,
				0CCC46E01D3740D8009633F4 /* MusicVideoPlayerTests */,
				0CCC46EB1D3740D8009633F4 /* MusicVideoPlayerUITests */,
			);
		};
/* End PBXProject section */

/* Begin PBXResourcesBuildPhase section */
		0CCC46CB1D3740D8009633F4 /* Resources */ = {
			isa = PBXResourcesBuildPhase;
			buildActionMask = 2147483647;
			files = (
				0CCC46DB1D3740D8009633F4 /* LaunchScreen.storyboard in Resources */,
				0CCC46D81D3740D8009633F4 /* Assets.xcassets in Resources */,
				D58635831EA86CDC007D4FCE /* logo_sangeet.png in Resources */,
				D58635851EA8CC31007D4FCE /* GoogleService-Info.plist in Resources */,
				0CCC46D61D3740D8009633F4 /* Main.storyboard in Resources */,
			);
			runOnlyForDeploymentPostprocessing = 0;
		};
		0CCC46DF1D3740D8009633F4 /* Resources */ = {
			isa = PBXResourcesBuildPhase;
			buildActionMask = 2147483647;
			files = (
			);
			runOnlyForDeploymentPostprocessing = 0;
		};
		0CCC46EA1D3740D8009633F4 /* Resources */ = {
			isa = PBXResourcesBuildPhase;
			buildActionMask = 2147483647;
			files = (
			);
			runOnlyForDeploymentPostprocessing = 0;
		};
/* End PBXResourcesBuildPhase section */

/* Begin PBXShellScriptBuildPhase section */
		0373F51D563558E2B2B6D0FE /* [CP] Copy Pods Resources */ = {
			isa = PBXShellScriptBuildPhase;
			buildActionMask = 2147483647;
			files = (
			);
			inputPaths = (
			);
			name = "[CP] Copy Pods Resources";
			outputPaths = (
			);
			runOnlyForDeploymentPostprocessing = 0;
			shellPath = /bin/sh;
			shellScript = "\"${SRCROOT}/Pods/Target Support Files/Pods-MusicVideoPlayer/Pods-MusicVideoPlayer-resources.sh\"\n";
			showEnvVarsInLog = 0;
		};
		20F242CDB0A9691F579E5430 /* [CP] Check Pods Manifest.lock */ = {
			isa = PBXShellScriptBuildPhase;
			buildActionMask = 2147483647;
			files = (
			);
			inputPaths = (
			);
			name = "[CP] Check Pods Manifest.lock";
			outputPaths = (
			);
			runOnlyForDeploymentPostprocessing = 0;
			shellPath = /bin/sh;
			shellScript = "diff \"${PODS_ROOT}/../Podfile.lock\" \"${PODS_ROOT}/Manifest.lock\" > /dev/null\nif [ $? != 0 ] ; then\n    # print error to STDERR\n    echo \"error: The sandbox is not in sync with the Podfile.lock. Run 'pod install' or update your CocoaPods installation.\" >&2\n    exit 1\nfi\n";
			showEnvVarsInLog = 0;
		};
		21F9C49D276876C00B6690DB /* [CP] Embed Pods Frameworks */ = {
			isa = PBXShellScriptBuildPhase;
			buildActionMask = 2147483647;
			files = (
			);
			inputPaths = (
			);
			name = "[CP] Embed Pods Frameworks";
			outputPaths = (
			);
			runOnlyForDeploymentPostprocessing = 0;
			shellPath = /bin/sh;
			shellScript = "\"${SRCROOT}/Pods/Target Support Files/Pods-MusicVideoPlayerUITests/Pods-MusicVideoPlayerUITests-frameworks.sh\"\n";
			showEnvVarsInLog = 0;
		};
		3BAA052D9F8FACC046FA0262 /* [CP] Check Pods Manifest.lock */ = {
			isa = PBXShellScriptBuildPhase;
			buildActionMask = 2147483647;
			files = (
			);
			inputPaths = (
			);
			name = "[CP] Check Pods Manifest.lock";
			outputPaths = (
			);
			runOnlyForDeploymentPostprocessing = 0;
			shellPath = /bin/sh;
			shellScript = "diff \"${PODS_ROOT}/../Podfile.lock\" \"${PODS_ROOT}/Manifest.lock\" > /dev/null\nif [ $? != 0 ] ; then\n    # print error to STDERR\n    echo \"error: The sandbox is not in sync with the Podfile.lock. Run 'pod install' or update your CocoaPods installation.\" >&2\n    exit 1\nfi\n";
			showEnvVarsInLog = 0;
		};
		896CF9D56C2594E58B909D51 /* [CP] Embed Pods Frameworks */ = {
			isa = PBXShellScriptBuildPhase;
			buildActionMask = 2147483647;
			files = (
			);
			inputPaths = (
			);
			name = "[CP] Embed Pods Frameworks";
			outputPaths = (
			);
			runOnlyForDeploymentPostprocessing = 0;
			shellPath = /bin/sh;
			shellScript = "\"${SRCROOT}/Pods/Target Support Files/Pods-MusicVideoPlayerTests/Pods-MusicVideoPlayerTests-frameworks.sh\"\n";
			showEnvVarsInLog = 0;
		};
		9A8633B9F4B1D25215405E69 /* [CP] Embed Pods Frameworks */ = {
			isa = PBXShellScriptBuildPhase;
			buildActionMask = 2147483647;
			files = (
			);
			inputPaths = (
			);
			name = "[CP] Embed Pods Frameworks";
			outputPaths = (
			);
			runOnlyForDeploymentPostprocessing = 0;
			shellPath = /bin/sh;
			shellScript = "\"${SRCROOT}/Pods/Target Support Files/Pods-MusicVideoPlayer/Pods-MusicVideoPlayer-frameworks.sh\"\n";
			showEnvVarsInLog = 0;
		};
		A0118624B1B2F2E5E7DE2508 /* [CP] Copy Pods Resources */ = {
			isa = PBXShellScriptBuildPhase;
			buildActionMask = 2147483647;
			files = (
			);
			inputPaths = (
			);
			name = "[CP] Copy Pods Resources";
			outputPaths = (
			);
			runOnlyForDeploymentPostprocessing = 0;
			shellPath = /bin/sh;
			shellScript = "\"${SRCROOT}/Pods/Target Support Files/Pods-MusicVideoPlayerUITests/Pods-MusicVideoPlayerUITests-resources.sh\"\n";
			showEnvVarsInLog = 0;
		};
		E590B9B8FD2A919E7EDBC256 /* [CP] Check Pods Manifest.lock */ = {
			isa = PBXShellScriptBuildPhase;
			buildActionMask = 2147483647;
			files = (
			);
			inputPaths = (
			);
			name = "[CP] Check Pods Manifest.lock";
			outputPaths = (
			);
			runOnlyForDeploymentPostprocessing = 0;
			shellPath = /bin/sh;
			shellScript = "diff \"${PODS_ROOT}/../Podfile.lock\" \"${PODS_ROOT}/Manifest.lock\" > /dev/null\nif [ $? != 0 ] ; then\n    # print error to STDERR\n    echo \"error: The sandbox is not in sync with the Podfile.lock. Run 'pod install' or update your CocoaPods installation.\" >&2\n    exit 1\nfi\n";
			showEnvVarsInLog = 0;
		};
		F709D498BC4C811539AE3879 /* [CP] Copy Pods Resources */ = {
			isa = PBXShellScriptBuildPhase;
			buildActionMask = 2147483647;
			files = (
			);
			inputPaths = (
			);
			name = "[CP] Copy Pods Resources";
			outputPaths = (
			);
			runOnlyForDeploymentPostprocessing = 0;
			shellPath = /bin/sh;
			shellScript = "\"${SRCROOT}/Pods/Target Support Files/Pods-MusicVideoPlayerTests/Pods-MusicVideoPlayerTests-resources.sh\"\n";
			showEnvVarsInLog = 0;
		};
/* End PBXShellScriptBuildPhase section */

/* Begin PBXSourcesBuildPhase section */
		0CCC46C91D3740D8009633F4 /* Sources */ = {
			isa = PBXSourcesBuildPhase;
			buildActionMask = 2147483647;
			files = (
				0C405B381D39D9AC00C16F51 /* APIManager.swift in Sources */,
				0C18C7731D3B7B57008061C6 /* Constants.swift in Sources */,
				0C18C7751D3B7C46008061C6 /* MusicVideo.swift in Sources */,
				0C7A4D991D41E3AB00686781 /* DetailTableViewController.swift in Sources */,
				0CCC46D31D3740D8009633F4 /* ViewController.swift in Sources */,
				0C18C77A1D3BA747008061C6 /* Reachability.m in Sources */,
				D58635891EA8D428007D4FCE /* RegistrationViewController.swift in Sources */,
				D58635871EA8D419007D4FCE /* LoginControllerViewController.swift in Sources */,
				0C5265381D489ECC0037EACA /* SettingsTableViewController.swift in Sources */,
				0CCC46D11D3740D8009633F4 /* AppDelegate.swift in Sources */,
				0C7BFA961D3D4C8900A7E6E5 /* MusicVideoPlayerTableViewCell.swift in Sources */,
				0CE613E41D3CBECD00536815 /* MusicPlayerTVC.swift in Sources */,
			);
			runOnlyForDeploymentPostprocessing = 0;
		};
		0CCC46DD1D3740D8009633F4 /* Sources */ = {
			isa = PBXSourcesBuildPhase;
			buildActionMask = 2147483647;
			files = (
				0CCC46E61D3740D8009633F4 /* MusicVideoPlayerTests.swift in Sources */,
			);
			runOnlyForDeploymentPostprocessing = 0;
		};
		0CCC46E81D3740D8009633F4 /* Sources */ = {
			isa = PBXSourcesBuildPhase;
			buildActionMask = 2147483647;
			files = (
				0CCC46F11D3740D8009633F4 /* MusicVideoPlayerUITests.swift in Sources */,
			);
			runOnlyForDeploymentPostprocessing = 0;
		};
/* End PBXSourcesBuildPhase section */

/* Begin PBXTargetDependency section */
		0CCC46E31D3740D8009633F4 /* PBXTargetDependency */ = {
			isa = PBXTargetDependency;
			target = 0CCC46CC1D3740D8009633F4 /* MusicVideoPlayer */;
			targetProxy = 0CCC46E21D3740D8009633F4 /* PBXContainerItemProxy */;
		};
		0CCC46EE1D3740D8009633F4 /* PBXTargetDependency */ = {
			isa = PBXTargetDependency;
			target = 0CCC46CC1D3740D8009633F4 /* MusicVideoPlayer */;
			targetProxy = 0CCC46ED1D3740D8009633F4 /* PBXContainerItemProxy */;
		};
/* End PBXTargetDependency section */

/* Begin PBXVariantGroup section */
		0CCC46D41D3740D8009633F4 /* Main.storyboard */ = {
			isa = PBXVariantGroup;
			children = (
				0CCC46D51D3740D8009633F4 /* Base */,
			);
			name = Main.storyboard;
			sourceTree = "<group>";
		};
		0CCC46D91D3740D8009633F4 /* LaunchScreen.storyboard */ = {
			isa = PBXVariantGroup;
			children = (
				0CCC46DA1D3740D8009633F4 /* Base */,
			);
			name = LaunchScreen.storyboard;
			sourceTree = "<group>";
		};
/* End PBXVariantGroup section */

/* Begin XCBuildConfiguration section */
		0CCC46F31D3740D8009633F4 /* Debug */ = {
			isa = XCBuildConfiguration;
			buildSettings = {
				ALWAYS_SEARCH_USER_PATHS = NO;
				CLANG_CXX_LANGUAGE_STANDARD = "gnu++0x";
				CLANG_CXX_LIBRARY = "libc++";
				CLANG_ENABLE_MODULES = YES;
				CLANG_ENABLE_OBJC_ARC = YES;
				CLANG_WARN_BOOL_CONVERSION = YES;
				CLANG_WARN_CONSTANT_CONVERSION = YES;
				CLANG_WARN_DIRECT_OBJC_ISA_USAGE = YES_ERROR;
				CLANG_WARN_EMPTY_BODY = YES;
				CLANG_WARN_ENUM_CONVERSION = YES;
				CLANG_WARN_INT_CONVERSION = YES;
				CLANG_WARN_OBJC_ROOT_CLASS = YES_ERROR;
				CLANG_WARN_UNREACHABLE_CODE = YES;
				CLANG_WARN__DUPLICATE_METHOD_MATCH = YES;
				"CODE_SIGN_IDENTITY[sdk=iphoneos*]" = "iPhone Developer";
				COPY_PHASE_STRIP = NO;
				DEBUG_INFORMATION_FORMAT = dwarf;
				ENABLE_STRICT_OBJC_MSGSEND = YES;
				ENABLE_TESTABILITY = YES;
				GCC_C_LANGUAGE_STANDARD = gnu99;
				GCC_DYNAMIC_NO_PIC = NO;
				GCC_NO_COMMON_BLOCKS = YES;
				GCC_OPTIMIZATION_LEVEL = 0;
				GCC_PREPROCESSOR_DEFINITIONS = (
					"DEBUG=1",
					"$(inherited)",
				);
				GCC_WARN_64_TO_32_BIT_CONVERSION = YES;
				GCC_WARN_ABOUT_RETURN_TYPE = YES_ERROR;
				GCC_WARN_UNDECLARED_SELECTOR = YES;
				GCC_WARN_UNINITIALIZED_AUTOS = YES_AGGRESSIVE;
				GCC_WARN_UNUSED_FUNCTION = YES;
				GCC_WARN_UNUSED_VARIABLE = YES;
				IPHONEOS_DEPLOYMENT_TARGET = 9.0;
				MTL_ENABLE_DEBUG_INFO = YES;
				ONLY_ACTIVE_ARCH = YES;
				SDKROOT = iphoneos;
				SWIFT_OPTIMIZATION_LEVEL = "-Onone";
				TARGETED_DEVICE_FAMILY = "1,2";
			};
			name = Debug;
		};
		0CCC46F41D3740D8009633F4 /* Release */ = {
			isa = XCBuildConfiguration;
			buildSettings = {
				ALWAYS_SEARCH_USER_PATHS = NO;
				CLANG_CXX_LANGUAGE_STANDARD = "gnu++0x";
				CLANG_CXX_LIBRARY = "libc++";
				CLANG_ENABLE_MODULES = YES;
				CLANG_ENABLE_OBJC_ARC = YES;
				CLANG_WARN_BOOL_CONVERSION = YES;
				CLANG_WARN_CONSTANT_CONVERSION = YES;
				CLANG_WARN_DIRECT_OBJC_ISA_USAGE = YES_ERROR;
				CLANG_WARN_EMPTY_BODY = YES;
				CLANG_WARN_ENUM_CONVERSION = YES;
				CLANG_WARN_INT_CONVERSION = YES;
				CLANG_WARN_OBJC_ROOT_CLASS = YES_ERROR;
				CLANG_WARN_UNREACHABLE_CODE = YES;
				CLANG_WARN__DUPLICATE_METHOD_MATCH = YES;
				"CODE_SIGN_IDENTITY[sdk=iphoneos*]" = "iPhone Developer";
				COPY_PHASE_STRIP = NO;
				DEBUG_INFORMATION_FORMAT = "dwarf-with-dsym";
				ENABLE_NS_ASSERTIONS = NO;
				ENABLE_STRICT_OBJC_MSGSEND = YES;
				GCC_C_LANGUAGE_STANDARD = gnu99;
				GCC_NO_COMMON_BLOCKS = YES;
				GCC_WARN_64_TO_32_BIT_CONVERSION = YES;
				GCC_WARN_ABOUT_RETURN_TYPE = YES_ERROR;
				GCC_WARN_UNDECLARED_SELECTOR = YES;
				GCC_WARN_UNINITIALIZED_AUTOS = YES_AGGRESSIVE;
				GCC_WARN_UNUSED_FUNCTION = YES;
				GCC_WARN_UNUSED_VARIABLE = YES;
				IPHONEOS_DEPLOYMENT_TARGET = 9.0;
				MTL_ENABLE_DEBUG_INFO = NO;
				SDKROOT = iphoneos;
				TARGETED_DEVICE_FAMILY = "1,2";
				VALIDATE_PRODUCT = YES;
			};
			name = Release;
		};
		0CCC46F61D3740D8009633F4 /* Debug */ = {
			isa = XCBuildConfiguration;
			baseConfigurationReference = C238F0E21FB86396C6F9FFC0 /* Pods-MusicVideoPlayer.debug.xcconfig */;
			buildSettings = {
				ASSETCATALOG_COMPILER_APPICON_NAME = AppIcon;
				CLANG_ENABLE_MODULES = YES;
				INFOPLIST_FILE = MusicVideoPlayer/Info.plist;
				LD_RUNPATH_SEARCH_PATHS = "$(inherited) @executable_path/Frameworks";
				PRODUCT_BUNDLE_IDENTIFIER = com.kunal.MusicVideoPlayer;
				PRODUCT_NAME = "$(TARGET_NAME)";
				SWIFT_OBJC_BRIDGING_HEADER = "MusicVideoPlayer/MusicVideoPlayer-Bridging-Header.h";
				SWIFT_OPTIMIZATION_LEVEL = "-Onone";
				SWIFT_VERSION = 3.0;
			};
			name = Debug;
		};
		0CCC46F71D3740D8009633F4 /* Release */ = {
			isa = XCBuildConfiguration;
			baseConfigurationReference = 8DC88BA8CA5A4D91FA6A85C9 /* Pods-MusicVideoPlayer.release.xcconfig */;
			buildSettings = {
				ASSETCATALOG_COMPILER_APPICON_NAME = AppIcon;
				CLANG_ENABLE_MODULES = YES;
				INFOPLIST_FILE = MusicVideoPlayer/Info.plist;
				LD_RUNPATH_SEARCH_PATHS = "$(inherited) @executable_path/Frameworks";
				PRODUCT_BUNDLE_IDENTIFIER = com.kunal.MusicVideoPlayer;
				PRODUCT_NAME = "$(TARGET_NAME)";
				SWIFT_OBJC_BRIDGING_HEADER = "MusicVideoPlayer/MusicVideoPlayer-Bridging-Header.h";
				SWIFT_VERSION = 3.0;
			};
			name = Release;
		};
		0CCC46F91D3740D8009633F4 /* Debug */ = {
			isa = XCBuildConfiguration;
			baseConfigurationReference = 66AE8C670C061ADB18944CD2 /* Pods-MusicVideoPlayerTests.debug.xcconfig */;
			buildSettings = {
				BUNDLE_LOADER = "$(TEST_HOST)";
				INFOPLIST_FILE = MusicVideoPlayerTests/Info.plist;
				LD_RUNPATH_SEARCH_PATHS = "$(inherited) @executable_path/Frameworks @loader_path/Frameworks";
				PRODUCT_BUNDLE_IDENTIFIER = com.kunal.MusicVideoPlayerTests;
				PRODUCT_NAME = "$(TARGET_NAME)";
				SWIFT_VERSION = 3.0;
				TEST_HOST = "$(BUILT_PRODUCTS_DIR)/MusicVideoPlayer.app/MusicVideoPlayer";
			};
			name = Debug;
		};
		0CCC46FA1D3740D8009633F4 /* Release */ = {
			isa = XCBuildConfiguration;
			baseConfigurationReference = 8154D4CC4BD381ECA11DE5AD /* Pods-MusicVideoPlayerTests.release.xcconfig */;
			buildSettings = {
				BUNDLE_LOADER = "$(TEST_HOST)";
				INFOPLIST_FILE = MusicVideoPlayerTests/Info.plist;
				LD_RUNPATH_SEARCH_PATHS = "$(inherited) @executable_path/Frameworks @loader_path/Frameworks";
				PRODUCT_BUNDLE_IDENTIFIER = com.kunal.MusicVideoPlayerTests;
				PRODUCT_NAME = "$(TARGET_NAME)";
				SWIFT_VERSION = 3.0;
				TEST_HOST = "$(BUILT_PRODUCTS_DIR)/MusicVideoPlayer.app/MusicVideoPlayer";
			};
			name = Release;
		};
		0CCC46FC1D3740D8009633F4 /* Debug */ = {
			isa = XCBuildConfiguration;
			baseConfigurationReference = E96A13508E8DBC1016878924 /* Pods-MusicVideoPlayerUITests.debug.xcconfig */;
			buildSettings = {
				INFOPLIST_FILE = MusicVideoPlayerUITests/Info.plist;
				LD_RUNPATH_SEARCH_PATHS = "$(inherited) @executable_path/Frameworks @loader_path/Frameworks";
				PRODUCT_BUNDLE_IDENTIFIER = com.kunal.MusicVideoPlayerUITests;
				PRODUCT_NAME = "$(TARGET_NAME)";
				SWIFT_VERSION = 3.0;
				TEST_TARGET_NAME = MusicVideoPlayer;
				USES_XCTRUNNER = YES;
			};
			name = Debug;
		};
		0CCC46FD1D3740D8009633F4 /* Release */ = {
			isa = XCBuildConfiguration;
			baseConfigurationReference = 13880AE21B9E9570921FF9C1 /* Pods-MusicVideoPlayerUITests.release.xcconfig */;
			buildSettings = {
				INFOPLIST_FILE = MusicVideoPlayerUITests/Info.plist;
				LD_RUNPATH_SEARCH_PATHS = "$(inherited) @executable_path/Frameworks @loader_path/Frameworks";
				PRODUCT_BUNDLE_IDENTIFIER = com.kunal.MusicVideoPlayerUITests;
				PRODUCT_NAME = "$(TARGET_NAME)";
				SWIFT_VERSION = 3.0;
				TEST_TARGET_NAME = MusicVideoPlayer;
				USES_XCTRUNNER = YES;
			};
			name = Release;
		};
/* End XCBuildConfiguration section */

/* Begin XCConfigurationList section */
		0CCC46C81D3740D8009633F4 /* Build configuration list for PBXProject "MusicVideoPlayer" */ = {
			isa = XCConfigurationList;
			buildConfigurations = (
				0CCC46F31D3740D8009633F4 /* Debug */,
				0CCC46F41D3740D8009633F4 /* Release */,
			);
			defaultConfigurationIsVisible = 0;
			defaultConfigurationName = Release;
		};
		0CCC46F51D3740D8009633F4 /* Build configuration list for PBXNativeTarget "MusicVideoPlayer" */ = {
			isa = XCConfigurationList;
			buildConfigurations = (
				0CCC46F61D3740D8009633F4 /* Debug */,
				0CCC46F71D3740D8009633F4 /* Release */,
			);
			defaultConfigurationIsVisible = 0;
			defaultConfigurationName = Release;
		};
		0CCC46F81D3740D8009633F4 /* Build configuration list for PBXNativeTarget "MusicVideoPlayerTests" */ = {
			isa = XCConfigurationList;
			buildConfigurations = (
				0CCC46F91D3740D8009633F4 /* Debug */,
				0CCC46FA1D3740D8009633F4 /* Release */,
			);
			defaultConfigurationIsVisible = 0;
			defaultConfigurationName = Release;
		};
		0CCC46FB1D3740D8009633F4 /* Build configuration list for PBXNativeTarget "MusicVideoPlayerUITests" */ = {
			isa = XCConfigurationList;
			buildConfigurations = (
				0CCC46FC1D3740D8009633F4 /* Debug */,
				0CCC46FD1D3740D8009633F4 /* Release */,
			);
			defaultConfigurationIsVisible = 0;
			defaultConfigurationName = Release;
		};
/* End XCConfigurationList section */
	};
	rootObject = 0CCC46C51D3740D8009633F4 /* Project object */;
}
